
Microsoft Visual Studio Solution File, Format Version 12.00
# Visual Studio Version 17
VisualStudioVersion = 17.4.33205.214
MinimumVisualStudioVersion = 10.0.40219.1
Project("{FAE04EC0-301F-11D3-BF4B-00C04F79EFBC}") = "Console_Project_Fire", "Console_Project_Fire\Console_Project_Fire.csproj", "{8AF63029-FED4-43CB-966E-B5D11764C37C}"
EndProject
Global
	GlobalSection(SolutionConfigurationPlatforms) = preSolution
		Debug|Any CPU = Debug|Any CPU
		Release|Any CPU = Release|Any CPU
	EndGlobalSection
	GlobalSection(ProjectConfigurationPlatforms) = postSolution
		{8AF63029-FED4-43CB-966E-B5D11764C37C}.Debug|Any CPU.ActiveCfg = Debug|Any CPU
		{8AF63029-FED4-43CB-966E-B5D11764C37C}.Debug|Any CPU.Build.0 = Debug|Any CPU
		{8AF63029-FED4-43CB-966E-B5D11764C37C}.Release|Any CPU.ActiveCfg = Release|Any CPU
		{8AF63029-FED4-43CB-966E-B5D11764C37C}.Release|Any CPU.Build.0 = Release|Any CPU
	EndGlobalSection
	GlobalSection(SolutionProperties) = preSolution
		HideSolutionNode = FALSE
	EndGlobalSection
	GlobalSection(ExtensibilityGlobals) = postSolution
		SolutionGuid = {AD2B00C1-1CC7-4F24-8250-8453A2376B09}
	EndGlobalSection
EndGlobal
